
Microsoft Visual Studio Solution File, Format Version 12.00
# Visual Studio Version 17
VisualStudioVersion = 17.6.33815.320
MinimumVisualStudioVersion = 10.0.40219.1
Project("{FAE04EC0-301F-11D3-BF4B-00C04F79EFBC}") = "AspNETMvcIdentityApp.Web", "AspNETMvcIdentityApp.Web\AspNETMvcIdentityApp.Web.csproj", "{628DF36E-6F81-4487-84D8-696C24FA8622}"
EndProject
Global
	GlobalSection(SolutionConfigurationPlatforms) = preSolution
		Debug|Any CPU = Debug|Any CPU
		Release|Any CPU = Release|Any CPU
	EndGlobalSection
	GlobalSection(ProjectConfigurationPlatforms) = postSolution
		{628DF36E-6F81-4487-84D8-696C24FA8622}.Debug|Any CPU.ActiveCfg = Debug|Any CPU
		{628DF36E-6F81-4487-84D8-696C24FA8622}.Debug|Any CPU.Build.0 = Debug|Any CPU
		{628DF36E-6F81-4487-84D8-696C24FA8622}.Release|Any CPU.ActiveCfg = Release|Any CPU
		{628DF36E-6F81-4487-84D8-696C24FA8622}.Release|Any CPU.Build.0 = Release|Any CPU
	EndGlobalSection
	GlobalSection(SolutionProperties) = preSolution
		HideSolutionNode = FALSE
	EndGlobalSection
	GlobalSection(ExtensibilityGlobals) = postSolution
		SolutionGuid = {36559769-A657-4E89-9188-684DD84189AE}
	EndGlobalSection
EndGlobal
